
Microsoft Visual Studio Solution File, Format Version 12.00
# Visual Studio Version 16
VisualStudioVersion = 16.0.29728.190
MinimumVisualStudioVersion = 10.0.40219.1
Project("{FAE04EC0-301F-11D3-BF4B-00C04F79EFBC}") = "af-test", "af-test\af-test.csproj", "{73C5A701-897F-43AF-8DA2-679FA4C9A9BA}"
EndProject
Global
	GlobalSection(SolutionConfigurationPlatforms) = preSolution
		Debug|Any CPU = Debug|Any CPU
		Release|Any CPU = Release|Any CPU
	EndGlobalSection
	GlobalSection(ProjectConfigurationPlatforms) = postSolution
		{73C5A701-897F-43AF-8DA2-679FA4C9A9BA}.Debug|Any CPU.ActiveCfg = Debug|Any CPU
		{73C5A701-897F-43AF-8DA2-679FA4C9A9BA}.Debug|Any CPU.Build.0 = Debug|Any CPU
		{73C5A701-897F-43AF-8DA2-679FA4C9A9BA}.Release|Any CPU.ActiveCfg = Release|Any CPU
		{73C5A701-897F-43AF-8DA2-679FA4C9A9BA}.Release|Any CPU.Build.0 = Release|Any CPU
	EndGlobalSection
	GlobalSection(SolutionProperties) = preSolution
		HideSolutionNode = FALSE
	EndGlobalSection
	GlobalSection(ExtensibilityGlobals) = postSolution
		SolutionGuid = {3F14C241-C6F6-4B0E-8EF2-77078C3C5606}
	EndGlobalSection
EndGlobal
